// !$*UTF8*$!
{
	archiveVersion = 1;
	classes = {
	};
	objectVersion = 56;
	objects = {

/* Begin PBXBuildFile section */
		15A72D692F6873AD0027D27A /* PrivacyInfo.xcprivacy in Resources */ = {isa = PBXBuildFile; fileRef = 15A72D682F6873AD0027D27A /* PrivacyInfo.xcprivacy */; };
		AABB00000000000000020001 /* FreeRepsApp.swift in Sources */ = {isa = PBXBuildFile; fileRef = AABB00000000000000010001 /* FreeRepsApp.swift */; };
		AABB00000000000000020002 /* ContentView.swift in Sources */ = {isa = PBXBuildFile; fileRef = AABB00000000000000010002 /* ContentView.swift */; };
		AABB00000000000000020004 /* SyncState.swift in Sources */ = {isa = PBXBuildFile; fileRef = AABB00000000000000010004 /* SyncState.swift */; };
		AABB00000000000000020005 /* HealthDataType.swift in Sources */ = {isa = PBXBuildFile; fileRef = AABB00000000000000010005 /* HealthDataType.swift */; };
		AABB00000000000000020006 /* HealthRecord.swift in Sources */ = {isa = PBXBuildFile; fileRef = AABB00000000000000010006 /* HealthRecord.swift */; };
		AABB00000000000000020009 /* HealthKitService.swift in Sources */ = {isa = PBXBuildFile; fileRef = AABB00000000000000010009 /* HealthKitService.swift */; };
		AABB0000000000000002000A /* SyncService.swift in Sources */ = {isa = PBXBuildFile; fileRef = AABB0000000000000001000A /* SyncService.swift */; };
		AABB0000000000000002000B /* SyncViewModel.swift in Sources */ = {isa = PBXBuildFile; fileRef = AABB0000000000000001000B /* SyncViewModel.swift */; };
		AABB0000000000000002000C /* SettingsViewModel.swift in Sources */ = {isa = PBXBuildFile; fileRef = AABB0000000000000001000C /* SettingsViewModel.swift */; };
		AABB0000000000000002000E /* CategoryStatusCard.swift in Sources */ = {isa = PBXBuildFile; fileRef = AABB0000000000000001000E /* CategoryStatusCard.swift */; };
		AABB0000000000000002000F /* SyncDashboardView.swift in Sources */ = {isa = PBXBuildFile; fileRef = AABB0000000000000001000F /* SyncDashboardView.swift */; };
		AABB00000000000000020015 /* SettingsView.swift in Sources */ = {isa = PBXBuildFile; fileRef = AABB00000000000000010015 /* SettingsView.swift */; };
		AABB00000000000000020016 /* FreeRepsSettingsView.swift in Sources */ = {isa = PBXBuildFile; fileRef = AABB00000000000000010016 /* FreeRepsSettingsView.swift */; };
		AABB00000000000000020017 /* HealthPermissionsView.swift in Sources */ = {isa = PBXBuildFile; fileRef = AABB00000000000000010017 /* HealthPermissionsView.swift */; };
		AABB0000000000000002001A /* HealthKit.framework in Frameworks */ = {isa = PBXBuildFile; fileRef = AABB0000000000000001001A /* HealthKit.framework */; };
		AABB0000000000000002001B /* BackgroundTasks.framework in Frameworks */ = {isa = PBXBuildFile; fileRef = AABB0000000000000001001B /* BackgroundTasks.framework */; };
		AABB0000000000000002001C /* ActivityKit.framework in Frameworks */ = {isa = PBXBuildFile; fileRef = AABB0000000000000001001E /* ActivityKit.framework */; };
		AABB0000000000000002001D /* WidgetKit.framework in Frameworks */ = {isa = PBXBuildFile; fileRef = AABB0000000000000001001D /* WidgetKit.framework */; };
		AABB0000000000000002001E /* ActivityKit.framework in Frameworks */ = {isa = PBXBuildFile; fileRef = AABB0000000000000001001E /* ActivityKit.framework */; };
		AABB0000000000000002001F /* FreeRepsWidgets.appex in Embed App Extensions */ = {isa = PBXBuildFile; fileRef = AABB0000000000000001001F /* FreeRepsWidgets.appex */; settings = {ATTRIBUTES = (RemoveHeadersOnCopy, ); }; };
		AABB00000000000000020020 /* FreeRepsWidgetsBundle.swift in Sources */ = {isa = PBXBuildFile; fileRef = AABB00000000000000010020 /* FreeRepsWidgetsBundle.swift */; };
		AABB00000000000000020021 /* SyncLiveActivity.swift in Sources */ = {isa = PBXBuildFile; fileRef = AABB00000000000000010021 /* SyncLiveActivity.swift */; };
		AABB00000000000000020023 /* SyncActivityAttributes.swift in Sources */ = {isa = PBXBuildFile; fileRef = AABB00000000000000010023 /* SyncActivityAttributes.swift */; };
		AABB00000000000000020024 /* SyncActivityAttributes.swift in Sources */ = {isa = PBXBuildFile; fileRef = AABB00000000000000010024 /* SyncActivityAttributes.swift */; };
		AABB00000000000000020026 /* Assets.xcassets in Resources */ = {isa = PBXBuildFile; fileRef = AABB00000000000000010025 /* Assets.xcassets */; };
		AABB00000000000000020027 /* Assets.xcassets in Resources */ = {isa = PBXBuildFile; fileRef = AABB00000000000000010026 /* Assets.xcassets */; };
		AABB00000000000000020036 /* BackgroundSyncManager.swift in Sources */ = {isa = PBXBuildFile; fileRef = AABB00000000000000010035 /* BackgroundSyncManager.swift */; };
		AABB0000000000000002003D /* BrandFooter.swift in Sources */ = {isa = PBXBuildFile; fileRef = AABB0000000000000001003C /* BrandFooter.swift */; };
		AABB0000000000000002003E /* AcknowledgementsView.swift in Sources */ = {isa = PBXBuildFile; fileRef = AABB0000000000000001003D /* AcknowledgementsView.swift */; };
		AABB0000000000000002003F /* SyncAdvancedView.swift in Sources */ = {isa = PBXBuildFile; fileRef = AABB0000000000000001003E /* SyncAdvancedView.swift */; };
		AABB00000000000000020040 /* FreeRepsConfig.swift in Sources */ = {isa = PBXBuildFile; fileRef = AABB00000000000000010040 /* FreeRepsConfig.swift */; };
		AABB00000000000000020041 /* FreeRepsService.swift in Sources */ = {isa = PBXBuildFile; fileRef = AABB00000000000000010041 /* FreeRepsService.swift */; };
		AABB00000000000000020042 /* FreeRepsPayload.swift in Sources */ = {isa = PBXBuildFile; fileRef = AABB00000000000000010042 /* FreeRepsPayload.swift */; };
		AABB00000000000000020043 /* ImportState.swift in Sources */ = {isa = PBXBuildFile; fileRef = AABB00000000000000010043 /* ImportState.swift */; };
		AABB00000000000000020044 /* ImportResultView.swift in Sources */ = {isa = PBXBuildFile; fileRef = AABB00000000000000010044 /* ImportResultView.swift */; };
		AABB00000000000000020060 /* TailscaleKit.xcframework in Frameworks */ = {isa = PBXBuildFile; fileRef = AABB00000000000000010060 /* TailscaleKit.xcframework */; };
		AABB00000000000000020061 /* TailscaleKit.xcframework in Embed Frameworks */ = {isa = PBXBuildFile; fileRef = AABB00000000000000010060 /* TailscaleKit.xcframework */; settings = {ATTRIBUTES = (CodeSignOnCopy, RemoveHeadersOnCopy, ); }; };
		AABB00000000000000020062 /* EmbeddedTailscale.swift in Sources */ = {isa = PBXBuildFile; fileRef = AABB00000000000000010061 /* EmbeddedTailscale.swift */; };
/* End PBXBuildFile section */

/* Begin PBXContainerItemProxy section */
		AABB00000000000000070001 /* PBXContainerItemProxy */ = {
			isa = PBXContainerItemProxy;
			containerPortal = AABB00000000000000060002 /* Project object */;
			proxyType = 1;
			remoteGlobalIDString = AABB00000000000000060003;
			remoteInfo = FreeRepsWidgets;
		};
/* End PBXContainerItemProxy section */

/* Begin PBXCopyFilesBuildPhase section */
		AABB00000000000000040007 /* Embed App Extensions */ = {
			isa = PBXCopyFilesBuildPhase;
			buildActionMask = 2147483647;
			dstPath = "";
			dstSubfolderSpec = 13;
			files = (
				AABB0000000000000002001F /* FreeRepsWidgets.appex in Embed App Extensions */,
			);
			name = "Embed App Extensions";
			runOnlyForDeploymentPostprocessing = 0;
		};
		AABB00000000000000040008 /* Embed Frameworks */ = {
			isa = PBXCopyFilesBuildPhase;
			buildActionMask = 2147483647;
			dstPath = "";
			dstSubfolderSpec = 10;
			files = (
				AABB00000000000000020061 /* TailscaleKit.xcframework in Embed Frameworks */,
			);
			name = "Embed Frameworks";
			runOnlyForDeploymentPostprocessing = 0;
		};
/* End PBXCopyFilesBuildPhase section */

/* Begin PBXFileReference section */
		15A72D682F6873AD0027D27A /* PrivacyInfo.xcprivacy */ = {isa = PBXFileReference; lastKnownFileType = text.xml; name = PrivacyInfo.xcprivacy; path = Sources/FreeReps/Resources/PrivacyInfo.xcprivacy; sourceTree = "<group>"; };
		AABB00000000000000010001 /* FreeRepsApp.swift */ = {isa = PBXFileReference; lastKnownFileType = sourcecode.swift; path = FreeRepsApp.swift; sourceTree = "<group>"; };
		AABB00000000000000010002 /* ContentView.swift */ = {isa = PBXFileReference; lastKnownFileType = sourcecode.swift; path = ContentView.swift; sourceTree = "<group>"; };
		AABB00000000000000010004 /* SyncState.swift */ = {isa = PBXFileReference; lastKnownFileType = sourcecode.swift; path = SyncState.swift; sourceTree = "<group>"; };
		AABB00000000000000010005 /* HealthDataType.swift */ = {isa = PBXFileReference; lastKnownFileType = sourcecode.swift; path = HealthDataType.swift; sourceTree = "<group>"; };
		AABB00000000000000010006 /* HealthRecord.swift */ = {isa = PBXFileReference; lastKnownFileType = sourcecode.swift; path = HealthRecord.swift; sourceTree = "<group>"; };
		AABB00000000000000010009 /* HealthKitService.swift */ = {isa = PBXFileReference; lastKnownFileType = sourcecode.swift; path = HealthKitService.swift; sourceTree = "<group>"; };
		AABB0000000000000001000A /* SyncService.swift */ = {isa = PBXFileReference; lastKnownFileType = sourcecode.swift; path = SyncService.swift; sourceTree = "<group>"; };
		AABB0000000000000001000B /* SyncViewModel.swift */ = {isa = PBXFileReference; lastKnownFileType = sourcecode.swift; path = SyncViewModel.swift; sourceTree = "<group>"; };
		AABB0000000000000001000C /* SettingsViewModel.swift */ = {isa = PBXFileReference; lastKnownFileType = sourcecode.swift; path = SettingsViewModel.swift; sourceTree = "<group>"; };
		AABB0000000000000001000E /* CategoryStatusCard.swift */ = {isa = PBXFileReference; lastKnownFileType = sourcecode.swift; path = CategoryStatusCard.swift; sourceTree = "<group>"; };
		AABB0000000000000001000F /* SyncDashboardView.swift */ = {isa = PBXFileReference; lastKnownFileType = sourcecode.swift; path = SyncDashboardView.swift; sourceTree = "<group>"; };
		AABB00000000000000010015 /* SettingsView.swift */ = {isa = PBXFileReference; lastKnownFileType = sourcecode.swift; path = SettingsView.swift; sourceTree = "<group>"; };
		AABB00000000000000010016 /* FreeRepsSettingsView.swift */ = {isa = PBXFileReference; lastKnownFileType = sourcecode.swift; path = FreeRepsSettingsView.swift; sourceTree = "<group>"; };
		AABB00000000000000010017 /* HealthPermissionsView.swift */ = {isa = PBXFileReference; lastKnownFileType = sourcecode.swift; path = HealthPermissionsView.swift; sourceTree = "<group>"; };
		AABB00000000000000010018 /* Info.plist */ = {isa = PBXFileReference; lastKnownFileType = text.plist.xml; path = Info.plist; sourceTree = "<group>"; };
		AABB00000000000000010019 /* FreeReps.entitlements */ = {isa = PBXFileReference; lastKnownFileType = text.plist.entitlements; path = FreeReps.entitlements; sourceTree = "<group>"; };
		AABB0000000000000001001A /* HealthKit.framework */ = {isa = PBXFileReference; lastKnownFileType = wrapper.framework; name = HealthKit.framework; path = System/Library/Frameworks/HealthKit.framework; sourceTree = SDKROOT; };
		AABB0000000000000001001B /* BackgroundTasks.framework */ = {isa = PBXFileReference; lastKnownFileType = wrapper.framework; name = BackgroundTasks.framework; path = System/Library/Frameworks/BackgroundTasks.framework; sourceTree = SDKROOT; };
		AABB0000000000000001001C /* FreeReps.app */ = {isa = PBXFileReference; explicitFileType = wrapper.application; includeInIndex = 0; path = FreeReps.app; sourceTree = BUILT_PRODUCTS_DIR; };
		AABB0000000000000001001D /* WidgetKit.framework */ = {isa = PBXFileReference; lastKnownFileType = wrapper.framework; name = WidgetKit.framework; path = System/Library/Frameworks/WidgetKit.framework; sourceTree = SDKROOT; };
		AABB0000000000000001001E /* ActivityKit.framework */ = {isa = PBXFileReference; lastKnownFileType = wrapper.framework; name = ActivityKit.framework; path = System/Library/Frameworks/ActivityKit.framework; sourceTree = SDKROOT; };
		AABB0000000000000001001F /* FreeRepsWidgets.appex */ = {isa = PBXFileReference; explicitFileType = "wrapper.app-extension"; includeInIndex = 0; path = FreeRepsWidgets.appex; sourceTree = BUILT_PRODUCTS_DIR; };
		AABB00000000000000010020 /* FreeRepsWidgetsBundle.swift */ = {isa = PBXFileReference; lastKnownFileType = sourcecode.swift; path = FreeRepsWidgetsBundle.swift; sourceTree = "<group>"; };
		AABB00000000000000010021 /* SyncLiveActivity.swift */ = {isa = PBXFileReference; lastKnownFileType = sourcecode.swift; path = SyncLiveActivity.swift; sourceTree = "<group>"; };
		AABB00000000000000010022 /* WidgetInfo.plist */ = {isa = PBXFileReference; lastKnownFileType = text.plist.xml; path = WidgetInfo.plist; sourceTree = "<group>"; };
		AABB00000000000000010023 /* SyncActivityAttributes.swift */ = {isa = PBXFileReference; lastKnownFileType = sourcecode.swift; path = SyncActivityAttributes.swift; sourceTree = "<group>"; };
		AABB00000000000000010024 /* SyncActivityAttributes.swift */ = {isa = PBXFileReference; lastKnownFileType = sourcecode.swift; path = SyncActivityAttributes.swift; sourceTree = "<group>"; };
		AABB00000000000000010025 /* Assets.xcassets */ = {isa = PBXFileReference; lastKnownFileType = folder.assetcatalog; path = Assets.xcassets; sourceTree = "<group>"; };
		AABB00000000000000010026 /* Assets.xcassets */ = {isa = PBXFileReference; lastKnownFileType = folder.assetcatalog; path = Assets.xcassets; sourceTree = "<group>"; };
		AABB00000000000000010035 /* BackgroundSyncManager.swift */ = {isa = PBXFileReference; lastKnownFileType = sourcecode.swift; path = BackgroundSyncManager.swift; sourceTree = "<group>"; };
		AABB0000000000000001003C /* BrandFooter.swift */ = {isa = PBXFileReference; lastKnownFileType = sourcecode.swift; path = BrandFooter.swift; sourceTree = "<group>"; };
		AABB0000000000000001003D /* AcknowledgementsView.swift */ = {isa = PBXFileReference; lastKnownFileType = sourcecode.swift; path = AcknowledgementsView.swift; sourceTree = "<group>"; };
		AABB0000000000000001003E /* SyncAdvancedView.swift */ = {isa = PBXFileReference; lastKnownFileType = sourcecode.swift; path = SyncAdvancedView.swift; sourceTree = "<group>"; };
		AABB00000000000000010040 /* FreeRepsConfig.swift */ = {isa = PBXFileReference; lastKnownFileType = sourcecode.swift; path = FreeRepsConfig.swift; sourceTree = "<group>"; };
		AABB00000000000000010041 /* FreeRepsService.swift */ = {isa = PBXFileReference; lastKnownFileType = sourcecode.swift; path = FreeRepsService.swift; sourceTree = "<group>"; };
		AABB00000000000000010042 /* FreeRepsPayload.swift */ = {isa = PBXFileReference; lastKnownFileType = sourcecode.swift; path = FreeRepsPayload.swift; sourceTree = "<group>"; };
		AABB00000000000000010043 /* ImportState.swift */ = {isa = PBXFileReference; lastKnownFileType = sourcecode.swift; path = ImportState.swift; sourceTree = "<group>"; };
		AABB00000000000000010044 /* ImportResultView.swift */ = {isa = PBXFileReference; lastKnownFileType = sourcecode.swift; path = ImportResultView.swift; sourceTree = "<group>"; };
		AABB00000000000000010060 /* TailscaleKit.xcframework */ = {isa = PBXFileReference; lastKnownFileType = wrapper.xcframework; name = TailscaleKit.xcframework; path = Vendor/TailscaleKit.xcframework; sourceTree = SOURCE_ROOT; };
		AABB00000000000000010061 /* EmbeddedTailscale.swift */ = {isa = PBXFileReference; lastKnownFileType = sourcecode.swift; path = EmbeddedTailscale.swift; sourceTree = "<group>"; };
/* End PBXFileReference section */

/* Begin PBXFrameworksBuildPhase section */
		AABB00000000000000040003 /* Frameworks */ = {
			isa = PBXFrameworksBuildPhase;
			buildActionMask = 2147483647;
			files = (
				AABB0000000000000002001A /* HealthKit.framework in Frameworks */,
				AABB0000000000000002001B /* BackgroundTasks.framework in Frameworks */,
				AABB0000000000000002001C /* ActivityKit.framework in Frameworks */,
				AABB00000000000000020060 /* TailscaleKit.xcframework in Frameworks */,
			);
			runOnlyForDeploymentPostprocessing = 0;
		};
		AABB00000000000000040006 /* Frameworks */ = {
			isa = PBXFrameworksBuildPhase;
			buildActionMask = 2147483647;
			files = (
				AABB0000000000000002001D /* WidgetKit.framework in Frameworks */,
				AABB0000000000000002001E /* ActivityKit.framework in Frameworks */,
			);
			runOnlyForDeploymentPostprocessing = 0;
		};
/* End PBXFrameworksBuildPhase section */

/* Begin PBXGroup section */
		AABB00000000000000030001 = {
			isa = PBXGroup;
			children = (
				15A72D682F6873AD0027D27A /* PrivacyInfo.xcprivacy */,
				AABB00000000000000030002 /* FreeReps */,
				AABB0000000000000003000D /* FreeRepsWidgets */,
				AABB0000000000000003000B /* Frameworks */,
				AABB0000000000000003000C /* Products */,
			);
			sourceTree = "<group>";
		};
		AABB00000000000000030002 /* FreeReps */ = {
			isa = PBXGroup;
			children = (
				AABB00000000000000010001 /* FreeRepsApp.swift */,
				AABB00000000000000010002 /* ContentView.swift */,
				AABB00000000000000030003 /* Models */,
				AABB00000000000000030004 /* Services */,
				AABB00000000000000030005 /* ViewModels */,
				AABB00000000000000030006 /* Views */,
				AABB0000000000000003000A /* Resources */,
			);
			name = FreeReps;
			path = Sources/FreeReps;
			sourceTree = "<group>";
		};
		AABB00000000000000030003 /* Models */ = {
			isa = PBXGroup;
			children = (
				AABB00000000000000010040 /* FreeRepsConfig.swift */,
				AABB00000000000000010042 /* FreeRepsPayload.swift */,
				AABB00000000000000010004 /* SyncState.swift */,
				AABB00000000000000010005 /* HealthDataType.swift */,
				AABB00000000000000010006 /* HealthRecord.swift */,
				AABB00000000000000010024 /* SyncActivityAttributes.swift */,
				AABB00000000000000010043 /* ImportState.swift */,
			);
			path = Models;
			sourceTree = "<group>";
		};
		AABB00000000000000030004 /* Services */ = {
			isa = PBXGroup;
			children = (
				AABB00000000000000010041 /* FreeRepsService.swift */,
				AABB00000000000000010061 /* EmbeddedTailscale.swift */,
				AABB00000000000000010009 /* HealthKitService.swift */,
				AABB0000000000000001000A /* SyncService.swift */,
				AABB00000000000000010035 /* BackgroundSyncManager.swift */,
			);
			path = Services;
			sourceTree = "<group>";
		};
		AABB00000000000000030005 /* ViewModels */ = {
			isa = PBXGroup;
			children = (
				AABB0000000000000001000B /* SyncViewModel.swift */,
				AABB0000000000000001000C /* SettingsViewModel.swift */,
			);
			path = ViewModels;
			sourceTree = "<group>";
		};
		AABB00000000000000030006 /* Views */ = {
			isa = PBXGroup;
			children = (
				AABB0000000000000001003C /* BrandFooter.swift */,
				AABB00000000000000030007 /* Sync */,
				AABB00000000000000030009 /* Settings */,
				AABB0000000000000003000E /* Import */,
			);
			path = Views;
			sourceTree = "<group>";
		};
		AABB00000000000000030007 /* Sync */ = {
			isa = PBXGroup;
			children = (
				AABB0000000000000001000E /* CategoryStatusCard.swift */,
				AABB0000000000000001000F /* SyncDashboardView.swift */,
			);
			path = Sync;
			sourceTree = "<group>";
		};
		AABB00000000000000030009 /* Settings */ = {
			isa = PBXGroup;
			children = (
				AABB00000000000000010015 /* SettingsView.swift */,
				AABB00000000000000010016 /* FreeRepsSettingsView.swift */,
				AABB00000000000000010017 /* HealthPermissionsView.swift */,
				AABB0000000000000001003D /* AcknowledgementsView.swift */,
				AABB0000000000000001003E /* SyncAdvancedView.swift */,
			);
			path = Settings;
			sourceTree = "<group>";
		};
		AABB0000000000000003000A /* Resources */ = {
			isa = PBXGroup;
			children = (
				AABB00000000000000010018 /* Info.plist */,
				AABB00000000000000010019 /* FreeReps.entitlements */,
				AABB00000000000000010025 /* Assets.xcassets */,
			);
			path = Resources;
			sourceTree = "<group>";
		};
		AABB0000000000000003000B /* Frameworks */ = {
			isa = PBXGroup;
			children = (
				AABB0000000000000001001A /* HealthKit.framework */,
				AABB0000000000000001001B /* BackgroundTasks.framework */,
				AABB0000000000000001001D /* WidgetKit.framework */,
				AABB0000000000000001001E /* ActivityKit.framework */,
				AABB00000000000000010060 /* TailscaleKit.xcframework */,
			);
			name = Frameworks;
			sourceTree = "<group>";
		};
		AABB0000000000000003000C /* Products */ = {
			isa = PBXGroup;
			children = (
				AABB0000000000000001001C /* FreeReps.app */,
				AABB0000000000000001001F /* FreeRepsWidgets.appex */,
			);
			name = Products;
			sourceTree = "<group>";
		};
		AABB0000000000000003000D /* FreeRepsWidgets */ = {
			isa = PBXGroup;
			children = (
				AABB00000000000000010020 /* FreeRepsWidgetsBundle.swift */,
				AABB00000000000000010021 /* SyncLiveActivity.swift */,
				AABB00000000000000010023 /* SyncActivityAttributes.swift */,
				AABB00000000000000010022 /* WidgetInfo.plist */,
				AABB00000000000000010026 /* Assets.xcassets */,
			);
			name = FreeRepsWidgets;
			path = Sources/FreeRepsWidgets;
			sourceTree = "<group>";
		};
		AABB0000000000000003000E /* Import */ = {
			isa = PBXGroup;
			children = (
				AABB00000000000000010044 /* ImportResultView.swift */,
			);
			path = Import;
			sourceTree = "<group>";
		};
/* End PBXGroup section */

/* Begin PBXNativeTarget section */
		AABB00000000000000060001 /* FreeReps */ = {
			isa = PBXNativeTarget;
			buildConfigurationList = AABB00000000000000050002 /* Build configuration list for PBXNativeTarget "FreeReps" */;
			buildPhases = (
				AABB00000000000000040001 /* Sources */,
				AABB00000000000000040002 /* Resources */,
				AABB00000000000000040003 /* Frameworks */,
				AABB00000000000000040007 /* Embed App Extensions */,
				AABB00000000000000040008 /* Embed Frameworks */,
			);
			buildRules = (
			);
			dependencies = (
				AABB00000000000000070002 /* PBXTargetDependency */,
			);
			name = FreeReps;
			productName = FreeReps;
			productReference = AABB0000000000000001001C /* FreeReps.app */;
			productType = "com.apple.product-type.application";
		};
		AABB00000000000000060003 /* FreeRepsWidgets */ = {
			isa = PBXNativeTarget;
			buildConfigurationList = AABB00000000000000050009 /* Build configuration list for PBXNativeTarget "FreeRepsWidgets" */;
			buildPhases = (
				AABB00000000000000040004 /* Sources */,
				AABB00000000000000040005 /* Resources */,
				AABB00000000000000040006 /* Frameworks */,
			);
			buildRules = (
			);
			dependencies = (
			);
			name = FreeRepsWidgets;
			productName = FreeRepsWidgets;
			productReference = AABB0000000000000001001F /* FreeRepsWidgets.appex */;
			productType = "com.apple.product-type.app-extension";
		};
/* End PBXNativeTarget section */

/* Begin PBXProject section */
		AABB00000000000000060002 /* Project object */ = {
			isa = PBXProject;
			attributes = {
				BuildIndependentTargetsInParallel = 1;
				LastSwiftUpdateCheck = 1500;
				LastUpgradeCheck = 2630;
				TargetAttributes = {
					AABB00000000000000060001 = {
						CreatedOnToolsVersion = 15.0;
					};
					AABB00000000000000060003 = {
						CreatedOnToolsVersion = 15.0;
					};
				};
			};
			buildConfigurationList = AABB00000000000000050001 /* Build configuration list for PBXProject "FreeReps" */;
			compatibilityVersion = "Xcode 14.0";
			developmentRegion = en;
			hasScannedForEncodings = 0;
			knownRegions = (
				en,
				Base,
			);
			mainGroup = AABB00000000000000030001;
			productRefGroup = AABB0000000000000003000C /* Products */;
			projectDirPath = "";
			projectRoot = "";
			targets = (
				AABB00000000000000060001 /* FreeReps */,
				AABB00000000000000060003 /* FreeRepsWidgets */,
			);
		};
/* End PBXProject section */

/* Begin PBXResourcesBuildPhase section */
		AABB00000000000000040002 /* Resources */ = {
			isa = PBXResourcesBuildPhase;
			buildActionMask = 2147483647;
			files = (
				15A72D692F6873AD0027D27A /* PrivacyInfo.xcprivacy in Resources */,
				AABB00000000000000020026 /* Assets.xcassets in Resources */,
			);
			runOnlyForDeploymentPostprocessing = 0;
		};
		AABB00000000000000040005 /* Resources */ = {
			isa = PBXResourcesBuildPhase;
			buildActionMask = 2147483647;
			files = (
				AABB00000000000000020027 /* Assets.xcassets in Resources */,
			);
			runOnlyForDeploymentPostprocessing = 0;
		};
/* End PBXResourcesBuildPhase section */

/* Begin PBXSourcesBuildPhase section */
		AABB00000000000000040001 /* Sources */ = {
			isa = PBXSourcesBuildPhase;
			buildActionMask = 2147483647;
			files = (
				AABB00000000000000020001 /* FreeRepsApp.swift in Sources */,
				AABB00000000000000020002 /* ContentView.swift in Sources */,
				AABB00000000000000020040 /* FreeRepsConfig.swift in Sources */,
				AABB00000000000000020041 /* FreeRepsService.swift in Sources */,
				AABB00000000000000020062 /* EmbeddedTailscale.swift in Sources */,
				AABB00000000000000020042 /* FreeRepsPayload.swift in Sources */,
				AABB00000000000000020004 /* SyncState.swift in Sources */,
				AABB00000000000000020005 /* HealthDataType.swift in Sources */,
				AABB00000000000000020006 /* HealthRecord.swift in Sources */,
				AABB00000000000000020009 /* HealthKitService.swift in Sources */,
				AABB0000000000000002000A /* SyncService.swift in Sources */,
				AABB0000000000000002000B /* SyncViewModel.swift in Sources */,
				AABB0000000000000002000C /* SettingsViewModel.swift in Sources */,
				AABB0000000000000002000E /* CategoryStatusCard.swift in Sources */,
				AABB0000000000000002000F /* SyncDashboardView.swift in Sources */,
				AABB0000000000000002003E /* AcknowledgementsView.swift in Sources */,
				AABB0000000000000002003F /* SyncAdvancedView.swift in Sources */,
				AABB0000000000000002003D /* BrandFooter.swift in Sources */,
				AABB00000000000000020015 /* SettingsView.swift in Sources */,
				AABB00000000000000020016 /* FreeRepsSettingsView.swift in Sources */,
				AABB00000000000000020017 /* HealthPermissionsView.swift in Sources */,
				AABB00000000000000020024 /* SyncActivityAttributes.swift in Sources */,
				AABB00000000000000020036 /* BackgroundSyncManager.swift in Sources */,
				AABB00000000000000020043 /* ImportState.swift in Sources */,
				AABB00000000000000020044 /* ImportResultView.swift in Sources */,
			);
			runOnlyForDeploymentPostprocessing = 0;
		};
		AABB00000000000000040004 /* Sources */ = {
			isa = PBXSourcesBuildPhase;
			buildActionMask = 2147483647;
			files = (
				AABB00000000000000020020 /* FreeRepsWidgetsBundle.swift in Sources */,
				AABB00000000000000020021 /* SyncLiveActivity.swift in Sources */,
				AABB00000000000000020023 /* SyncActivityAttributes.swift in Sources */,
			);
			runOnlyForDeploymentPostprocessing = 0;
		};
/* End PBXSourcesBuildPhase section */

/* Begin PBXTargetDependency section */
		AABB00000000000000070002 /* PBXTargetDependency */ = {
			isa = PBXTargetDependency;
			target = AABB00000000000000060003 /* FreeRepsWidgets */;
			targetProxy = AABB00000000000000070001 /* PBXContainerItemProxy */;
		};
/* End PBXTargetDependency section */

/* Begin XCBuildConfiguration section */
		AABB00000000000000050003 /* Debug */ = {
			isa = XCBuildConfiguration;
			buildSettings = {
				ALWAYS_SEARCH_USER_PATHS = NO;
				FREEREPS_BUNDLE_ID = com.meltforce.freereps;
				FREEREPS_DISPLAY_NAME = FreeReps;
				CLANG_ANALYZER_NONNULL = YES;
				CLANG_ANALYZER_NUMBER_OBJECT_CONVERSION = YES_AGGRESSIVE;
				CLANG_CXX_LANGUAGE_STANDARD = "gnu++20";
				CLANG_ENABLE_MODULES = YES;
				CLANG_ENABLE_OBJC_ARC = YES;
				CLANG_ENABLE_OBJC_WEAK = YES;
				CLANG_WARN_BLOCK_CAPTURE_AUTORELEASING = YES;
				CLANG_WARN_BOOL_CONVERSION = YES;
				CLANG_WARN_COMMA = YES;
				CLANG_WARN_CONSTANT_CONVERSION = YES;
				CLANG_WARN_DEPRECATED_OBJC_IMPLEMENTATIONS = YES;
				CLANG_WARN_DIRECT_OBJC_ISA_USAGE = YES_ERROR;
				CLANG_WARN_DOCUMENTATION_COMMENTS = YES;
				CLANG_WARN_EMPTY_BODY = YES;
				CLANG_WARN_ENUM_CONVERSION = YES;
				CLANG_WARN_INFINITE_RECURSION = YES;
				CLANG_WARN_INT_CONVERSION = YES;
				CLANG_WARN_NON_LITERAL_NULL_CONVERSION = YES;
				CLANG_WARN_OBJC_IMPLICIT_RETAIN_SELF = YES;
				CLANG_WARN_OBJC_LITERAL_CONVERSION = YES;
				CLANG_WARN_OBJC_ROOT_CLASS = YES_ERROR;
				CLANG_WARN_QUOTED_INCLUDE_IN_FRAMEWORK_HEADER = YES;
				CLANG_WARN_RANGE_LOOP_ANALYSIS = YES;
				CLANG_WARN_STRICT_PROTOTYPES = YES;
				CLANG_WARN_SUSPICIOUS_MOVE = YES;
				CLANG_WARN_UNGUARDED_AVAILABILITY = YES_AGGRESSIVE;
				CLANG_WARN_UNREACHABLE_CODE = YES;
				CLANG_WARN__DUPLICATE_METHOD_MATCH = YES;
				COPY_PHASE_STRIP = NO;
				DEBUG_INFORMATION_FORMAT = dwarf;
				DEVELOPMENT_TEAM = R43S29F4G5;
				ENABLE_STRICT_OBJC_MSGSEND = YES;
				ENABLE_TESTABILITY = YES;
				ENABLE_USER_SCRIPT_SANDBOXING = YES;
				GCC_C_LANGUAGE_STANDARD = gnu17;
				GCC_DYNAMIC_NO_PIC = NO;
				GCC_NO_COMMON_BLOCKS = YES;
				GCC_OPTIMIZATION_LEVEL = 0;
				GCC_PREPROCESSOR_DEFINITIONS = (
					"DEBUG=1",
					"$(inherited)",
				);
				GCC_WARN_64_TO_32_BIT_CONVERSION = YES;
				GCC_WARN_ABOUT_RETURN_TYPE = YES_ERROR;
				GCC_WARN_UNDECLARED_SELECTOR = YES;
				GCC_WARN_UNINITIALIZED_AUTOS = YES_AGGRESSIVE;
				GCC_WARN_UNUSED_FUNCTION = YES;
				GCC_WARN_UNUSED_VARIABLE = YES;
				IPHONEOS_DEPLOYMENT_TARGET = 17.6;
				MTL_ENABLE_DEBUG_INFO = INCLUDE_SOURCE;
				MTL_FAST_MATH = YES;
				ONLY_ACTIVE_ARCH = YES;
				SDKROOT = iphoneos;
				STRING_CATALOG_GENERATE_SYMBOLS = YES;
				SWIFT_ACTIVE_COMPILATION_CONDITIONS = DEBUG;
				SWIFT_OPTIMIZATION_LEVEL = "-Onone";
			};
			name = Debug;
		};
		AABB00000000000000050004 /* Release */ = {
			isa = XCBuildConfiguration;
			buildSettings = {
				ALWAYS_SEARCH_USER_PATHS = NO;
				FREEREPS_BUNDLE_ID = com.meltforce.freereps;
				FREEREPS_DISPLAY_NAME = FreeReps;
				CLANG_ANALYZER_NONNULL = YES;
				CLANG_ANALYZER_NUMBER_OBJECT_CONVERSION = YES_AGGRESSIVE;
				CLANG_CXX_LANGUAGE_STANDARD = "gnu++20";
				CLANG_ENABLE_MODULES = YES;
				CLANG_ENABLE_OBJC_ARC = YES;
				CLANG_ENABLE_OBJC_WEAK = YES;
				CLANG_WARN_BLOCK_CAPTURE_AUTORELEASING = YES;
				CLANG_WARN_BOOL_CONVERSION = YES;
				CLANG_WARN_COMMA = YES;
				CLANG_WARN_CONSTANT_CONVERSION = YES;
				CLANG_WARN_DEPRECATED_OBJC_IMPLEMENTATIONS = YES;
				CLANG_WARN_DIRECT_OBJC_ISA_USAGE = YES_ERROR;
				CLANG_WARN_DOCUMENTATION_COMMENTS = YES;
				CLANG_WARN_EMPTY_BODY = YES;
				CLANG_WARN_ENUM_CONVERSION = YES;
				CLANG_WARN_INFINITE_RECURSION = YES;
				CLANG_WARN_INT_CONVERSION = YES;
				CLANG_WARN_NON_LITERAL_NULL_CONVERSION = YES;
				CLANG_WARN_OBJC_IMPLICIT_RETAIN_SELF = YES;
				CLANG_WARN_OBJC_LITERAL_CONVERSION = YES;
				CLANG_WARN_OBJC_ROOT_CLASS = YES_ERROR;
				CLANG_WARN_QUOTED_INCLUDE_IN_FRAMEWORK_HEADER = YES;
				CLANG_WARN_RANGE_LOOP_ANALYSIS = YES;
				CLANG_WARN_STRICT_PROTOTYPES = YES;
				CLANG_WARN_SUSPICIOUS_MOVE = YES;
				CLANG_WARN_UNGUARDED_AVAILABILITY = YES_AGGRESSIVE;
				CLANG_WARN_UNREACHABLE_CODE = YES;
				CLANG_WARN__DUPLICATE_METHOD_MATCH = YES;
				COPY_PHASE_STRIP = NO;
				DEBUG_INFORMATION_FORMAT = "dwarf-with-dsym";
				DEVELOPMENT_TEAM = R43S29F4G5;
				ENABLE_NS_ASSERTIONS = NO;
				ENABLE_STRICT_OBJC_MSGSEND = YES;
				ENABLE_USER_SCRIPT_SANDBOXING = YES;
				GCC_C_LANGUAGE_STANDARD = gnu17;
				GCC_NO_COMMON_BLOCKS = YES;
				GCC_WARN_64_TO_32_BIT_CONVERSION = YES;
				GCC_WARN_ABOUT_RETURN_TYPE = YES_ERROR;
				GCC_WARN_UNDECLARED_SELECTOR = YES;
				GCC_WARN_UNINITIALIZED_AUTOS = YES_AGGRESSIVE;
				GCC_WARN_UNUSED_FUNCTION = YES;
				GCC_WARN_UNUSED_VARIABLE = YES;
				IPHONEOS_DEPLOYMENT_TARGET = 17.6;
				MTL_FAST_MATH = YES;
				SDKROOT = iphoneos;
				STRING_CATALOG_GENERATE_SYMBOLS = YES;
				SWIFT_COMPILATION_MODE = wholemodule;
				SWIFT_OPTIMIZATION_LEVEL = "-O";
				VALIDATE_PRODUCT = YES;
			};
			name = Release;
		};
		AABB00000000000000050005 /* Debug */ = {
			isa = XCBuildConfiguration;
			buildSettings = {
				ASSETCATALOG_COMPILER_APPICON_NAME = AppIcon;
				CODE_SIGN_ENTITLEMENTS = Sources/FreeReps/Resources/FreeReps.entitlements;
				CODE_SIGN_STYLE = Automatic;
				CURRENT_PROJECT_VERSION = 1;
				DEVELOPMENT_TEAM = R43S29F4G5;
				GENERATE_INFOPLIST_FILE = NO;
				INFOPLIST_FILE = Sources/FreeReps/Resources/Info.plist;
				INFOPLIST_KEY_CFBundleDisplayName = FreeReps;
				INFOPLIST_KEY_LSApplicationCategoryType = "public.app-category.healthcare-fitness";
				IPHONEOS_DEPLOYMENT_TARGET = 17.6;
				LD_RUNPATH_SEARCH_PATHS = (
					"$(inherited)",
					"@executable_path/Frameworks",
				);
				MARKETING_VERSION = 1.0;
				PRODUCT_BUNDLE_IDENTIFIER = "$(FREEREPS_BUNDLE_ID)";
				PRODUCT_NAME = "$(TARGET_NAME)";
				SWIFT_EMIT_LOC_STRINGS = YES;
				SWIFT_VERSION = 5.0;
				TARGETED_DEVICE_FAMILY = 1;
			};
			name = Debug;
		};
		AABB00000000000000050006 /* Release */ = {
			isa = XCBuildConfiguration;
			buildSettings = {
				ASSETCATALOG_COMPILER_APPICON_NAME = AppIcon;
				CODE_SIGN_ENTITLEMENTS = Sources/FreeReps/Resources/FreeReps.entitlements;
				CODE_SIGN_STYLE = Automatic;
				CURRENT_PROJECT_VERSION = 1;
				DEVELOPMENT_TEAM = R43S29F4G5;
				GENERATE_INFOPLIST_FILE = NO;
				INFOPLIST_FILE = Sources/FreeReps/Resources/Info.plist;
				INFOPLIST_KEY_CFBundleDisplayName = FreeReps;
				INFOPLIST_KEY_LSApplicationCategoryType = "public.app-category.healthcare-fitness";
				IPHONEOS_DEPLOYMENT_TARGET = 17.6;
				LD_RUNPATH_SEARCH_PATHS = (
					"$(inherited)",
					"@executable_path/Frameworks",
				);
				MARKETING_VERSION = 1.0;
				PRODUCT_BUNDLE_IDENTIFIER = "$(FREEREPS_BUNDLE_ID)";
				PRODUCT_NAME = "$(TARGET_NAME)";
				SWIFT_EMIT_LOC_STRINGS = YES;
				SWIFT_VERSION = 5.0;
				TARGETED_DEVICE_FAMILY = 1;
			};
			name = Release;
		};
		AABB00000000000000050007 /* Debug */ = {
			isa = XCBuildConfiguration;
			buildSettings = {
				CODE_SIGN_STYLE = Automatic;
				CURRENT_PROJECT_VERSION = 1;
				DEVELOPMENT_TEAM = R43S29F4G5;
				GENERATE_INFOPLIST_FILE = NO;
				INFOPLIST_FILE = Sources/FreeRepsWidgets/WidgetInfo.plist;
				IPHONEOS_DEPLOYMENT_TARGET = 17.6;
				LD_RUNPATH_SEARCH_PATHS = (
					"$(inherited)",
					"@executable_path/Frameworks",
					"@executable_path/../../Frameworks",
				);
				MARKETING_VERSION = 1.0;
				PRODUCT_BUNDLE_IDENTIFIER = "$(FREEREPS_BUNDLE_ID).widgets";
				PRODUCT_NAME = "$(TARGET_NAME)";
				SKIP_INSTALL = YES;
				SWIFT_EMIT_LOC_STRINGS = YES;
				SWIFT_VERSION = 5.0;
				TARGETED_DEVICE_FAMILY = 1;
			};
			name = Debug;
		};
		AABB00000000000000050008 /* Release */ = {
			isa = XCBuildConfiguration;
			buildSettings = {
				CODE_SIGN_STYLE = Automatic;
				CURRENT_PROJECT_VERSION = 1;
				DEVELOPMENT_TEAM = R43S29F4G5;
				GENERATE_INFOPLIST_FILE = NO;
				INFOPLIST_FILE = Sources/FreeRepsWidgets/WidgetInfo.plist;
				IPHONEOS_DEPLOYMENT_TARGET = 17.6;
				LD_RUNPATH_SEARCH_PATHS = (
					"$(inherited)",
					"@executable_path/Frameworks",
					"@executable_path/../../Frameworks",
				);
				MARKETING_VERSION = 1.0;
				PRODUCT_BUNDLE_IDENTIFIER = "$(FREEREPS_BUNDLE_ID).widgets";
				PRODUCT_NAME = "$(TARGET_NAME)";
				SKIP_INSTALL = YES;
				SWIFT_EMIT_LOC_STRINGS = YES;
				SWIFT_VERSION = 5.0;
				TARGETED_DEVICE_FAMILY = 1;
			};
			name = Release;
		};
/* End XCBuildConfiguration section */

/* Begin XCConfigurationList section */
		AABB00000000000000050001 /* Build configuration list for PBXProject "FreeReps" */ = {
			isa = XCConfigurationList;
			buildConfigurations = (
				AABB00000000000000050003 /* Debug */,
				AABB00000000000000050004 /* Release */,
			);
			defaultConfigurationIsVisible = 0;
			defaultConfigurationName = Release;
		};
		AABB00000000000000050002 /* Build configuration list for PBXNativeTarget "FreeReps" */ = {
			isa = XCConfigurationList;
			buildConfigurations = (
				AABB00000000000000050005 /* Debug */,
				AABB00000000000000050006 /* Release */,
			);
			defaultConfigurationIsVisible = 0;
			defaultConfigurationName = Release;
		};
		AABB00000000000000050009 /* Build configuration list for PBXNativeTarget "FreeRepsWidgets" */ = {
			isa = XCConfigurationList;
			buildConfigurations = (
				AABB00000000000000050007 /* Debug */,
				AABB00000000000000050008 /* Release */,
			);
			defaultConfigurationIsVisible = 0;
			defaultConfigurationName = Release;
		};
/* End XCConfigurationList section */
	};
	rootObject = AABB00000000000000060002 /* Project object */;
}
